// !$*UTF8*$!
{
	archiveVersion = 1;
	classes = {
	};
	objectVersion = 60;
	objects = {

/* Begin PBXBuildFile section */
		2055DA6C8CD885EA5BFC0950 /* Pods_demoSwift.framework in Frameworks */ = {isa = PBXBuildFile; fileRef = FD5C50690ADCBDC776F28259 /* Pods_demoSwift.framework */; };
		9601543B2B31701B00D18636 /* AppDelegate.swift in Sources */ = {isa = PBXBuildFile; fileRef = 9601543A2B31701B00D18636 /* AppDelegate.swift */; };
		9601543D2B31701B00D18636 /* SceneDelegate.swift in Sources */ = {isa = PBXBuildFile; fileRef = 9601543C2B31701B00D18636 /* SceneDelegate.swift */; };
		9601543F2B31701B00D18636 /* ViewController.swift in Sources */ = {isa = PBXBuildFile; fileRef = 9601543E2B31701B00D18636 /* ViewController.swift */; };
		960154422B31701B00D18636 /* Main.storyboard in Resources */ = {isa = PBXBuildFile; fileRef = 960154402B31701B00D18636 /* Main.storyboard */; };
		960154442B31701D00D18636 /* Assets.xcassets in Resources */ = {isa = PBXBuildFile; fileRef = 960154432B31701D00D18636 /* Assets.xcassets */; };
		960154472B31701D00D18636 /* LaunchScreen.storyboard in Resources */ = {isa = PBXBuildFile; fileRef = 960154452B31701D00D18636 /* LaunchScreen.storyboard */; };
		960154522B3188BD00D18636 /* GodotSkyBridge.xcframework in Frameworks */ = {isa = PBXBuildFile; fileRef = 9601544F2B3188BD00D18636 /* GodotSkyBridge.xcframework */; };
		960154532B3188BD00D18636 /* GodotEngine.xcframework in Frameworks */ = {isa = PBXBuildFile; fileRef = 960154502B3188BD00D18636 /* GodotEngine.xcframework */; };
		960154542B3188BD00D18636 /* MoltenVK.xcframework in Frameworks */ = {isa = PBXBuildFile; fileRef = 960154512B3188BD00D18636 /* MoltenVK.xcframework */; };
		96799DF22B3426D5007C4128 /* scene in Resources */ = {isa = PBXBuildFile; fileRef = 96799DF12B3426D5007C4128 /* scene */; };
		96B98F932B36D03500AB4D55 /* SceneKeyBoardView.swift in Sources */ = {isa = PBXBuildFile; fileRef = 96B98F922B36D03500AB4D55 /* SceneKeyBoardView.swift */; };
/* End PBXBuildFile section */

/* Begin PBXFileReference section */
		0CF74266F439F4A596B52BD8 /* Pods-demoSwift.release.xcconfig */ = {isa = PBXFileReference; includeInIndex = 1; lastKnownFileType = text.xcconfig; name = "Pods-demoSwift.release.xcconfig"; path = "Target Support Files/Pods-demoSwift/Pods-demoSwift.release.xcconfig"; sourceTree = "<group>"; };
		71819CF24D25F63212EFADBA /* Pods-demoSwift.debug.xcconfig */ = {isa = PBXFileReference; includeInIndex = 1; lastKnownFileType = text.xcconfig; name = "Pods-demoSwift.debug.xcconfig"; path = "Target Support Files/Pods-demoSwift/Pods-demoSwift.debug.xcconfig"; sourceTree = "<group>"; };
		960154372B31701B00D18636 /* demoSwift.app */ = {isa = PBXFileReference; explicitFileType = wrapper.application; includeInIndex = 0; path = demoSwift.app; sourceTree = BUILT_PRODUCTS_DIR; };
		9601543A2B31701B00D18636 /* AppDelegate.swift */ = {isa = PBXFileReference; lastKnownFileType = sourcecode.swift; path = AppDelegate.swift; sourceTree = "<group>"; };
		9601543C2B31701B00D18636 /* SceneDelegate.swift */ = {isa = PBXFileReference; lastKnownFileType = sourcecode.swift; path = SceneDelegate.swift; sourceTree = "<group>"; };
		9601543E2B31701B00D18636 /* ViewController.swift */ = {isa = PBXFileReference; lastKnownFileType = sourcecode.swift; path = ViewController.swift; sourceTree = "<group>"; };
		960154412B31701B00D18636 /* Base */ = {isa = PBXFileReference; lastKnownFileType = file.storyboard; name = Base; path = Base.lproj/Main.storyboard; sourceTree = "<group>"; };
		960154432B31701D00D18636 /* Assets.xcassets */ = {isa = PBXFileReference; lastKnownFileType = folder.assetcatalog; path = Assets.xcassets; sourceTree = "<group>"; };
		960154462B31701D00D18636 /* Base */ = {isa = PBXFileReference; lastKnownFileType = file.storyboard; name = Base; path = Base.lproj/LaunchScreen.storyboard; sourceTree = "<group>"; };
		960154482B31701D00D18636 /* Info.plist */ = {isa = PBXFileReference; lastKnownFileType = text.plist.xml; path = Info.plist; sourceTree = "<group>"; };
		9601544F2B3188BD00D18636 /* GodotSkyBridge.xcframework */ = {isa = PBXFileReference; lastKnownFileType = wrapper.xcframework; path = GodotSkyBridge.xcframework; sourceTree = "<group>"; };
		960154502B3188BD00D18636 /* GodotEngine.xcframework */ = {isa = PBXFileReference; lastKnownFileType = wrapper.xcframework; path = GodotEngine.xcframework; sourceTree = "<group>"; };
		960154512B3188BD00D18636 /* MoltenVK.xcframework */ = {isa = PBXFileReference; lastKnownFileType = wrapper.xcframework; path = MoltenVK.xcframework; sourceTree = "<group>"; };
		960154552B318FEB00D18636 /* GodotEngineManager.h */ = {isa = PBXFileReference; fileEncoding = 4; lastKnownFileType = sourcecode.c.h; path = GodotEngineManager.h; sourceTree = "<group>"; };
		960154562B318FEB00D18636 /* GodotIOSSkyBridge.h */ = {isa = PBXFileReference; fileEncoding = 4; lastKnownFileType = sourcecode.c.h; path = GodotIOSSkyBridge.h; sourceTree = "<group>"; };
		960154572B31902800D18636 /* demoSwift-Bridging-Header.h */ = {isa = PBXFileReference; lastKnownFileType = sourcecode.c.h; path = "demoSwift-Bridging-Header.h"; sourceTree = "<group>"; };
		96799DF12B3426D5007C4128 /* scene */ = {isa = PBXFileReference; lastKnownFileType = folder; path = scene; sourceTree = "<group>"; };
		96B98F922B36D03500AB4D55 /* SceneKeyBoardView.swift */ = {isa = PBXFileReference; lastKnownFileType = sourcecode.swift; path = SceneKeyBoardView.swift; sourceTree = "<group>"; };
		FD5C50690ADCBDC776F28259 /* Pods_demoSwift.framework */ = {isa = PBXFileReference; explicitFileType = wrapper.framework; includeInIndex = 0; path = Pods_demoSwift.framework; sourceTree = BUILT_PRODUCTS_DIR; };
/* End PBXFileReference section */

/* Begin PBXFrameworksBuildPhase section */
		960154342B31701B00D18636 /* Frameworks */ = {
			isa = PBXFrameworksBuildPhase;
			buildActionMask = 2147483647;
			files = (
				960154542B3188BD00D18636 /* MoltenVK.xcframework in Frameworks */,
				960154522B3188BD00D18636 /* GodotSkyBridge.xcframework in Frameworks */,
				960154532B3188BD00D18636 /* GodotEngine.xcframework in Frameworks */,
				2055DA6C8CD885EA5BFC0950 /* Pods_demoSwift.framework in Frameworks */,
			);
			runOnlyForDeploymentPostprocessing = 0;
		};
/* End PBXFrameworksBuildPhase section */

/* Begin PBXGroup section */
		8D76672750EEDD6C6B6E88A8 /* Frameworks */ = {
			isa = PBXGroup;
			children = (
				FD5C50690ADCBDC776F28259 /* Pods_demoSwift.framework */,
			);
			name = Frameworks;
			sourceTree = "<group>";
		};
		9601542E2B31701B00D18636 = {
			isa = PBXGroup;
			children = (
				960154392B31701B00D18636 /* demoSwift */,
				960154382B31701B00D18636 /* Products */,
				EDD8EFEBDF0F8AB646D0FC3D /* Pods */,
				8D76672750EEDD6C6B6E88A8 /* Frameworks */,
			);
			sourceTree = "<group>";
		};
		960154382B31701B00D18636 /* Products */ = {
			isa = PBXGroup;
			children = (
				960154372B31701B00D18636 /* demoSwift.app */,
			);
			name = Products;
			sourceTree = "<group>";
		};
		960154392B31701B00D18636 /* demoSwift */ = {
			isa = PBXGroup;
			children = (
				96799DF12B3426D5007C4128 /* scene */,
				9601544E2B31888900D18636 /* libs */,
				9601543A2B31701B00D18636 /* AppDelegate.swift */,
				9601543C2B31701B00D18636 /* SceneDelegate.swift */,
				9601543E2B31701B00D18636 /* ViewController.swift */,
				960154402B31701B00D18636 /* Main.storyboard */,
				960154432B31701D00D18636 /* Assets.xcassets */,
				960154452B31701D00D18636 /* LaunchScreen.storyboard */,
				960154482B31701D00D18636 /* Info.plist */,
				96B98F922B36D03500AB4D55 /* SceneKeyBoardView.swift */,
			);
			path = demoSwift;
			sourceTree = "<group>";
		};
		9601544E2B31888900D18636 /* libs */ = {
			isa = PBXGroup;
			children = (
				960154552B318FEB00D18636 /* GodotEngineManager.h */,
				960154562B318FEB00D18636 /* GodotIOSSkyBridge.h */,
				960154502B3188BD00D18636 /* GodotEngine.xcframework */,
				9601544F2B3188BD00D18636 /* GodotSkyBridge.xcframework */,
				960154512B3188BD00D18636 /* MoltenVK.xcframework */,
				960154572B31902800D18636 /* demoSwift-Bridging-Header.h */,
			);
			path = libs;
			sourceTree = "<group>";
		};
		EDD8EFEBDF0F8AB646D0FC3D /* Pods */ = {
			isa = PBXGroup;
			children = (
				71819CF24D25F63212EFADBA /* Pods-demoSwift.debug.xcconfig */,
				0CF74266F439F4A596B52BD8 /* Pods-demoSwift.release.xcconfig */,
			);
			path = Pods;
			sourceTree = "<group>";
		};
/* End PBXGroup section */

/* Begin PBXNativeTarget section */
		960154362B31701B00D18636 /* demoSwift */ = {
			isa = PBXNativeTarget;
			buildConfigurationList = 9601544B2B31701D00D18636 /* Build configuration list for PBXNativeTarget "demoSwift" */;
			buildPhases = (
				C746C12B81E201EB68D57743 /* [CP] Check Pods Manifest.lock */,
				960154332B31701B00D18636 /* Sources */,
				960154342B31701B00D18636 /* Frameworks */,
				960154352B31701B00D18636 /* Resources */,
				B6371EB39F34BD13F54EF074 /* [CP] Embed Pods Frameworks */,
			);
			buildRules = (
			);
			dependencies = (
			);
			name = demoSwift;
			productName = demoSwift;
			productReference = 960154372B31701B00D18636 /* demoSwift.app */;
			productType = "com.apple.product-type.application";
		};
/* End PBXNativeTarget section */

/* Begin PBXProject section */
		9601542F2B31701B00D18636 /* Project object */ = {
			isa = PBXProject;
			attributes = {
				BuildIndependentTargetsInParallel = 1;
				LastSwiftUpdateCheck = 1510;
				LastUpgradeCheck = 1510;
				TargetAttributes = {
					960154362B31701B00D18636 = {
						CreatedOnToolsVersion = 15.1;
						LastSwiftMigration = 1510;
					};
				};
			};
			buildConfigurationList = 960154322B31701B00D18636 /* Build configuration list for PBXProject "demoSwift" */;
			compatibilityVersion = "Xcode 15.0";
			developmentRegion = en;
			hasScannedForEncodings = 0;
			knownRegions = (
				en,
				Base,
			);
			mainGroup = 9601542E2B31701B00D18636;
			productRefGroup = 960154382B31701B00D18636 /* Products */;
			projectDirPath = "";
			projectRoot = "";
			targets = (
				960154362B31701B00D18636 /* demoSwift */,
			);
		};
/* End PBXProject section */

/* Begin PBXResourcesBuildPhase section */
		960154352B31701B00D18636 /* Resources */ = {
			isa = PBXResourcesBuildPhase;
			buildActionMask = 2147483647;
			files = (
				960154472B31701D00D18636 /* LaunchScreen.storyboard in Resources */,
				960154442B31701D00D18636 /* Assets.xcassets in Resources */,
				960154422B31701B00D18636 /* Main.storyboard in Resources */,
				96799DF22B3426D5007C4128 /* scene in Resources */,
			);
			runOnlyForDeploymentPostprocessing = 0;
		};
/* End PBXResourcesBuildPhase section */

/* Begin PBXShellScriptBuildPhase section */
		B6371EB39F34BD13F54EF074 /* [CP] Embed Pods Frameworks */ = {
			isa = PBXShellScriptBuildPhase;
			buildActionMask = 2147483647;
			files = (
			);
			inputFileListPaths = (
				"${PODS_ROOT}/Target Support Files/Pods-demoSwift/Pods-demoSwift-frameworks-${CONFIGURATION}-input-files.xcfilelist",
			);
			name = "[CP] Embed Pods Frameworks";
			outputFileListPaths = (
				"${PODS_ROOT}/Target Support Files/Pods-demoSwift/Pods-demoSwift-frameworks-${CONFIGURATION}-output-files.xcfilelist",
			);
			runOnlyForDeploymentPostprocessing = 0;
			shellPath = /bin/sh;
			shellScript = "\"${PODS_ROOT}/Target Support Files/Pods-demoSwift/Pods-demoSwift-frameworks.sh\"\n";
			showEnvVarsInLog = 0;
		};
		C746C12B81E201EB68D57743 /* [CP] Check Pods Manifest.lock */ = {
			isa = PBXShellScriptBuildPhase;
			buildActionMask = 2147483647;
			files = (
			);
			inputFileListPaths = (
			);
			inputPaths = (
				"${PODS_PODFILE_DIR_PATH}/Podfile.lock",
				"${PODS_ROOT}/Manifest.lock",
			);
			name = "[CP] Check Pods Manifest.lock";
			outputFileListPaths = (
			);
			outputPaths = (
				"$(DERIVED_FILE_DIR)/Pods-demoSwift-checkManifestLockResult.txt",
			);
			runOnlyForDeploymentPostprocessing = 0;
			shellPath = /bin/sh;
			shellScript = "diff \"${PODS_PODFILE_DIR_PATH}/Podfile.lock\" \"${PODS_ROOT}/Manifest.lock\" > /dev/null\nif [ $? != 0 ] ; then\n    # print error to STDERR\n    echo \"error: The sandbox is not in sync with the Podfile.lock. Run 'pod install' or update your CocoaPods installation.\" >&2\n    exit 1\nfi\n# This output is used by Xcode 'outputs' to avoid re-running this script phase.\necho \"SUCCESS\" > \"${SCRIPT_OUTPUT_FILE_0}\"\n";
			showEnvVarsInLog = 0;
		};
/* End PBXShellScriptBuildPhase section */

/* Begin PBXSourcesBuildPhase section */
		960154332B31701B00D18636 /* Sources */ = {
			isa = PBXSourcesBuildPhase;
			buildActionMask = 2147483647;
			files = (
				96B98F932B36D03500AB4D55 /* SceneKeyBoardView.swift in Sources */,
				9601543F2B31701B00D18636 /* ViewController.swift in Sources */,
				9601543B2B31701B00D18636 /* AppDelegate.swift in Sources */,
				9601543D2B31701B00D18636 /* SceneDelegate.swift in Sources */,
			);
			runOnlyForDeploymentPostprocessing = 0;
		};
/* End PBXSourcesBuildPhase section */

/* Begin PBXVariantGroup section */
		960154402B31701B00D18636 /* Main.storyboard */ = {
			isa = PBXVariantGroup;
			children = (
				960154412B31701B00D18636 /* Base */,
			);
			name = Main.storyboard;
			sourceTree = "<group>";
		};
		960154452B31701D00D18636 /* LaunchScreen.storyboard */ = {
			isa = PBXVariantGroup;
			children = (
				960154462B31701D00D18636 /* Base */,
			);
			name = LaunchScreen.storyboard;
			sourceTree = "<group>";
		};
/* End PBXVariantGroup section */

/* Begin XCBuildConfiguration section */
		960154492B31701D00D18636 /* Debug */ = {
			isa = XCBuildConfiguration;
			buildSettings = {
				ALWAYS_SEARCH_USER_PATHS = NO;
				ASSETCATALOG_COMPILER_GENERATE_SWIFT_ASSET_SYMBOL_EXTENSIONS = YES;
				CLANG_ANALYZER_NONNULL = YES;
				CLANG_ANALYZER_NUMBER_OBJECT_CONVERSION = YES_AGGRESSIVE;
				CLANG_CXX_LANGUAGE_STANDARD = "gnu++20";
				CLANG_ENABLE_MODULES = YES;
				CLANG_ENABLE_OBJC_ARC = YES;
				CLANG_ENABLE_OBJC_WEAK = YES;
				CLANG_WARN_BLOCK_CAPTURE_AUTORELEASING = YES;
				CLANG_WARN_BOOL_CONVERSION = YES;
				CLANG_WARN_COMMA = YES;
				CLANG_WARN_CONSTANT_CONVERSION = YES;
				CLANG_WARN_DEPRECATED_OBJC_IMPLEMENTATIONS = YES;
				CLANG_WARN_DIRECT_OBJC_ISA_USAGE = YES_ERROR;
				CLANG_WARN_DOCUMENTATION_COMMENTS = YES;
				CLANG_WARN_EMPTY_BODY = YES;
				CLANG_WARN_ENUM_CONVERSION = YES;
				CLANG_WARN_INFINITE_RECURSION = YES;
				CLANG_WARN_INT_CONVERSION = YES;
				CLANG_WARN_NON_LITERAL_NULL_CONVERSION = YES;
				CLANG_WARN_OBJC_IMPLICIT_RETAIN_SELF = YES;
				CLANG_WARN_OBJC_LITERAL_CONVERSION = YES;
				CLANG_WARN_OBJC_ROOT_CLASS = YES_ERROR;
				CLANG_WARN_QUOTED_INCLUDE_IN_FRAMEWORK_HEADER = YES;
				CLANG_WARN_RANGE_LOOP_ANALYSIS = YES;
				CLANG_WARN_STRICT_PROTOTYPES = YES;
				CLANG_WARN_SUSPICIOUS_MOVE = YES;
				CLANG_WARN_UNGUARDED_AVAILABILITY = YES_AGGRESSIVE;
				CLANG_WARN_UNREACHABLE_CODE = YES;
				CLANG_WARN__DUPLICATE_METHOD_MATCH = YES;
				COPY_PHASE_STRIP = NO;
				DEBUG_INFORMATION_FORMAT = dwarf;
				ENABLE_STRICT_OBJC_MSGSEND = YES;
				ENABLE_TESTABILITY = YES;
				ENABLE_USER_SCRIPT_SANDBOXING = YES;
				GCC_C_LANGUAGE_STANDARD = gnu17;
				GCC_DYNAMIC_NO_PIC = NO;
				GCC_NO_COMMON_BLOCKS = YES;
				GCC_OPTIMIZATION_LEVEL = 0;
				GCC_PREPROCESSOR_DEFINITIONS = (
					"DEBUG=1",
					"$(inherited)",
				);
				GCC_WARN_64_TO_32_BIT_CONVERSION = YES;
				GCC_WARN_ABOUT_RETURN_TYPE = YES_ERROR;
				GCC_WARN_UNDECLARED_SELECTOR = YES;
				GCC_WARN_UNINITIALIZED_AUTOS = YES_AGGRESSIVE;
				GCC_WARN_UNUSED_FUNCTION = YES;
				GCC_WARN_UNUSED_VARIABLE = YES;
				IPHONEOS_DEPLOYMENT_TARGET = 17.2;
				LOCALIZATION_PREFERS_STRING_CATALOGS = YES;
				MTL_ENABLE_DEBUG_INFO = INCLUDE_SOURCE;
				MTL_FAST_MATH = YES;
				ONLY_ACTIVE_ARCH = YES;
				SDKROOT = iphoneos;
				SWIFT_ACTIVE_COMPILATION_CONDITIONS = "DEBUG $(inherited)";
				SWIFT_OPTIMIZATION_LEVEL = "-Onone";
			};
			name = Debug;
		};
		9601544A2B31701D00D18636 /* Release */ = {
			isa = XCBuildConfiguration;
			buildSettings = {
				ALWAYS_SEARCH_USER_PATHS = NO;
				ASSETCATALOG_COMPILER_GENERATE_SWIFT_ASSET_SYMBOL_EXTENSIONS = YES;
				CLANG_ANALYZER_NONNULL = YES;
				CLANG_ANALYZER_NUMBER_OBJECT_CONVERSION = YES_AGGRESSIVE;
				CLANG_CXX_LANGUAGE_STANDARD = "gnu++20";
				CLANG_ENABLE_MODULES = YES;
				CLANG_ENABLE_OBJC_ARC = YES;
				CLANG_ENABLE_OBJC_WEAK = YES;
				CLANG_WARN_BLOCK_CAPTURE_AUTORELEASING = YES;
				CLANG_WARN_BOOL_CONVERSION = YES;
				CLANG_WARN_COMMA = YES;
				CLANG_WARN_CONSTANT_CONVERSION = YES;
				CLANG_WARN_DEPRECATED_OBJC_IMPLEMENTATIONS = YES;
				CLANG_WARN_DIRECT_OBJC_ISA_USAGE = YES_ERROR;
				CLANG_WARN_DOCUMENTATION_COMMENTS = YES;
				CLANG_WARN_EMPTY_BODY = YES;
				CLANG_WARN_ENUM_CONVERSION = YES;
				CLANG_WARN_INFINITE_RECURSION = YES;
				CLANG_WARN_INT_CONVERSION = YES;
				CLANG_WARN_NON_LITERAL_NULL_CONVERSION = YES;
				CLANG_WARN_OBJC_IMPLICIT_RETAIN_SELF = YES;
				CLANG_WARN_OBJC_LITERAL_CONVERSION = YES;
				CLANG_WARN_OBJC_ROOT_CLASS = YES_ERROR;
				CLANG_WARN_QUOTED_INCLUDE_IN_FRAMEWORK_HEADER = YES;
				CLANG_WARN_RANGE_LOOP_ANALYSIS = YES;
				CLANG_WARN_STRICT_PROTOTYPES = YES;
				CLANG_WARN_SUSPICIOUS_MOVE = YES;
				CLANG_WARN_UNGUARDED_AVAILABILITY = YES_AGGRESSIVE;
				CLANG_WARN_UNREACHABLE_CODE = YES;
				CLANG_WARN__DUPLICATE_METHOD_MATCH = YES;
				COPY_PHASE_STRIP = NO;
				DEBUG_INFORMATION_FORMAT = "dwarf-with-dsym";
				ENABLE_NS_ASSERTIONS = NO;
				ENABLE_STRICT_OBJC_MSGSEND = YES;
				ENABLE_USER_SCRIPT_SANDBOXING = YES;
				GCC_C_LANGUAGE_STANDARD = gnu17;
				GCC_NO_COMMON_BLOCKS = YES;
				GCC_WARN_64_TO_32_BIT_CONVERSION = YES;
				GCC_WARN_ABOUT_RETURN_TYPE = YES_ERROR;
				GCC_WARN_UNDECLARED_SELECTOR = YES;
				GCC_WARN_UNINITIALIZED_AUTOS = YES_AGGRESSIVE;
				GCC_WARN_UNUSED_FUNCTION = YES;
				GCC_WARN_UNUSED_VARIABLE = YES;
				IPHONEOS_DEPLOYMENT_TARGET = 17.2;
				LOCALIZATION_PREFERS_STRING_CATALOGS = YES;
				MTL_ENABLE_DEBUG_INFO = NO;
				MTL_FAST_MATH = YES;
				SDKROOT = iphoneos;
				SWIFT_COMPILATION_MODE = wholemodule;
				VALIDATE_PRODUCT = YES;
			};
			name = Release;
		};
		9601544C2B31701D00D18636 /* Debug */ = {
			isa = XCBuildConfiguration;
			baseConfigurationReference = 71819CF24D25F63212EFADBA /* Pods-demoSwift.debug.xcconfig */;
			buildSettings = {
				ASSETCATALOG_COMPILER_APPICON_NAME = AppIcon;
				ASSETCATALOG_COMPILER_GLOBAL_ACCENT_COLOR_NAME = AccentColor;
				CLANG_ENABLE_MODULES = YES;
				CODE_SIGN_STYLE = Automatic;
				CURRENT_PROJECT_VERSION = 1;
				DEVELOPMENT_TEAM = RPQYN36Y8R;
				ENABLE_USER_SCRIPT_SANDBOXING = NO;
				GENERATE_INFOPLIST_FILE = YES;
				INFOPLIST_FILE = demoSwift/Info.plist;
				INFOPLIST_KEY_UIApplicationSupportsIndirectInputEvents = YES;
				INFOPLIST_KEY_UILaunchStoryboardName = LaunchScreen;
				INFOPLIST_KEY_UIMainStoryboardFile = Main;
				INFOPLIST_KEY_UISupportedInterfaceOrientations_iPad = "UIInterfaceOrientationPortrait UIInterfaceOrientationPortraitUpsideDown UIInterfaceOrientationLandscapeLeft UIInterfaceOrientationLandscapeRight";
				INFOPLIST_KEY_UISupportedInterfaceOrientations_iPhone = "UIInterfaceOrientationPortrait UIInterfaceOrientationLandscapeLeft UIInterfaceOrientationLandscapeRight";
				IPHONEOS_DEPLOYMENT_TARGET = 14.0;
				LD_RUNPATH_SEARCH_PATHS = (
					"$(inherited)",
					"@executable_path/Frameworks",
				);
				MARKETING_VERSION = 1.0;
				OTHER_LDFLAGS = "-ld64";
				PRODUCT_BUNDLE_IDENTIFIER = qe.f.oc.q1.demoSwift;
				PRODUCT_NAME = "$(TARGET_NAME)";
				SUPPORTED_PLATFORMS = "iphoneos iphonesimulator";
				SUPPORTS_MACCATALYST = NO;
				SUPPORTS_MAC_DESIGNED_FOR_IPHONE_IPAD = NO;
				SWIFT_EMIT_LOC_STRINGS = YES;
				SWIFT_OBJC_BRIDGING_HEADER = "demoSwift/libs/demoSwift-Bridging-Header.h";
				SWIFT_OPTIMIZATION_LEVEL = "-Onone";
				SWIFT_VERSION = 5.0;
				TARGETED_DEVICE_FAMILY = 1;
			};
			name = Debug;
		};
		9601544D2B31701D00D18636 /* Release */ = {
			isa = XCBuildConfiguration;
			baseConfigurationReference = 0CF74266F439F4A596B52BD8 /* Pods-demoSwift.release.xcconfig */;
			buildSettings = {
				ASSETCATALOG_COMPILER_APPICON_NAME = AppIcon;
				ASSETCATALOG_COMPILER_GLOBAL_ACCENT_COLOR_NAME = AccentColor;
				CLANG_ENABLE_MODULES = YES;
				CODE_SIGN_STYLE = Automatic;
				CURRENT_PROJECT_VERSION = 1;
				DEVELOPMENT_TEAM = RPQYN36Y8R;
				ENABLE_USER_SCRIPT_SANDBOXING = NO;
				GENERATE_INFOPLIST_FILE = YES;
				INFOPLIST_FILE = demoSwift/Info.plist;
				INFOPLIST_KEY_UIApplicationSupportsIndirectInputEvents = YES;
				INFOPLIST_KEY_UILaunchStoryboardName = LaunchScreen;
				INFOPLIST_KEY_UIMainStoryboardFile = Main;
				INFOPLIST_KEY_UISupportedInterfaceOrientations_iPad = "UIInterfaceOrientationPortrait UIInterfaceOrientationPortraitUpsideDown UIInterfaceOrientationLandscapeLeft UIInterfaceOrientationLandscapeRight";
				INFOPLIST_KEY_UISupportedInterfaceOrientations_iPhone = "UIInterfaceOrientationPortrait UIInterfaceOrientationLandscapeLeft UIInterfaceOrientationLandscapeRight";
				IPHONEOS_DEPLOYMENT_TARGET = 14.0;
				LD_RUNPATH_SEARCH_PATHS = (
					"$(inherited)",
					"@executable_path/Frameworks",
				);
				MARKETING_VERSION = 1.0;
				OTHER_LDFLAGS = "-ld64";
				PRODUCT_BUNDLE_IDENTIFIER = qe.f.oc.q1.demoSwift;
				PRODUCT_NAME = "$(TARGET_NAME)";
				SUPPORTED_PLATFORMS = "iphoneos iphonesimulator";
				SUPPORTS_MACCATALYST = NO;
				SUPPORTS_MAC_DESIGNED_FOR_IPHONE_IPAD = NO;
				SWIFT_EMIT_LOC_STRINGS = YES;
				SWIFT_OBJC_BRIDGING_HEADER = "demoSwift/libs/demoSwift-Bridging-Header.h";
				SWIFT_VERSION = 5.0;
				TARGETED_DEVICE_FAMILY = 1;
			};
			name = Release;
		};
/* End XCBuildConfiguration section */

/* Begin XCConfigurationList section */
		960154322B31701B00D18636 /* Build configuration list for PBXProject "demoSwift" */ = {
			isa = XCConfigurationList;
			buildConfigurations = (
				960154492B31701D00D18636 /* Debug */,
				9601544A2B31701D00D18636 /* Release */,
			);
			defaultConfigurationIsVisible = 0;
			defaultConfigurationName = Release;
		};
		9601544B2B31701D00D18636 /* Build configuration list for PBXNativeTarget "demoSwift" */ = {
			isa = XCConfigurationList;
			buildConfigurations = (
				9601544C2B31701D00D18636 /* Debug */,
				9601544D2B31701D00D18636 /* Release */,
			);
			defaultConfigurationIsVisible = 0;
			defaultConfigurationName = Release;
		};
/* End XCConfigurationList section */
	};
	rootObject = 9601542F2B31701B00D18636 /* Project object */;
}
